{
  "name": "pico-parse",
  "version": "0.18.0",
  "lockfileVersion": 2,
  "requires": true,
  "packages": {
    "": {
      "name": "pico-parse",
      "version": "0.18.0",
      "license": "MIT",
      "dependencies": {
        "@hugov/bench": "^2.0.0"
      },
      "devDependencies": {
        "assert-op": "^1.1.0"
      }
    },
    "node_modules/@hugov/bench": {
      "version": "2.0.0",
      "resolved": "https://registry.npmjs.org/@hugov/bench/-/bench-2.0.0.tgz",
      "integrity": "sha512-qfGLfxlW9UcaSLUJrj2IAFtR17PKSVCQPBjNWAoxQH/Q7eOoVIXbXIzkSGYN3xQi6fSrINvn9DTGEXcofX9mjw=="
    },
    "node_modules/assert-op": {
      "version": "1.1.0",
      "resolved": "https://registry.npmjs.org/assert-op/-/assert-op-1.1.0.tgz",
      "integrity": "sha512-m0m+/8PhOyil5VODlE5wHwz8gf+gWptoLXwuNFrwvXnj4T+ertmDw6rZPWd2Dyh/6rdpI53v2yaCZCZh4zAKqQ==",
      "dev": true
    }
  },
  "dependencies": {
    "@hugov/bench": {
      "version": "2.0.0",
      "resolved": "https://registry.npmjs.org/@hugov/bench/-/bench-2.0.0.tgz",
      "integrity": "sha512-qfGLfxlW9UcaSLUJrj2IAFtR17PKSVCQPBjNWAoxQH/Q7eOoVIXbXIzkSGYN3xQi6fSrINvn9DTGEXcofX9mjw=="
    },
    "assert-op": {
      "version": "1.1.0",
      "resolved": "https://registry.npmjs.org/assert-op/-/assert-op-1.1.0.tgz",
      "integrity": "sha512-m0m+/8PhOyil5VODlE5wHwz8gf+gWptoLXwuNFrwvXnj4T+ertmDw6rZPWd2Dyh/6rdpI53v2yaCZCZh4zAKqQ==",
      "dev": true
    }
  }
}
