{
  "name": "pico-parse",
  "version": "0.9.0",
  "lockfileVersion": 2,
  "requires": true,
  "packages": {
    "": {
      "version": "0.9.0",
      "license": "MIT",
      "devDependencies": {
        "@types/node": "^11.11.0",
        "assert-op": "^0.5.1",
        "cotest": "^4.0.2"
      }
    },
    "node_modules/@types/node": {
      "version": "11.15.54",
      "resolved": "https://registry.npmjs.org/@types/node/-/node-11.15.54.tgz",
      "integrity": "sha512-1RWYiq+5UfozGsU6MwJyFX6BtktcT10XRjvcAQmskCtMcW3tPske88lM/nHv7BQG1w9KBXI1zPGuu5PnNCX14g==",
      "dev": true
    },
    "node_modules/assert-op": {
      "version": "0.5.1",
      "resolved": "https://registry.npmjs.org/assert-op/-/assert-op-0.5.1.tgz",
      "integrity": "sha512-ZeJWsyP2DjEW1At4NBF587Td93I1RkNae859eZ5RVTm0KlRyrS4Ysa1zn+wTBflVYeR/sK6uR8TZESugXtZF3A==",
      "dev": true
    },
    "node_modules/cotest": {
      "version": "4.0.3",
      "resolved": "https://registry.npmjs.org/cotest/-/cotest-4.0.3.tgz",
      "integrity": "sha512-pBtMKXPcdPaLOSt0zwL704ewSIo1gsW4jkboj4PosTq7cl3iUt5Cb8sbYLWJ+bcbAL0r8SyGslQ16nWQ5xkSiw==",
      "dev": true,
      "dependencies": {
        "assert-op": "^0.4.0"
      },
      "bin": {
        "cotest": "cli.js"
      }
    },
    "node_modules/cotest/node_modules/assert-op": {
      "version": "0.4.0",
      "resolved": "https://registry.npmjs.org/assert-op/-/assert-op-0.4.0.tgz",
      "integrity": "sha512-yAnWwB07VWyXxlVSRIwM+CjWXmvRp03jH96zx8u29trLNNklrlyDhaWLpZ64/U1iCFF7SE4jsFBTwnLtok6Slw==",
      "dev": true
    }
  },
  "dependencies": {
    "@types/node": {
      "version": "11.15.54",
      "resolved": "https://registry.npmjs.org/@types/node/-/node-11.15.54.tgz",
      "integrity": "sha512-1RWYiq+5UfozGsU6MwJyFX6BtktcT10XRjvcAQmskCtMcW3tPske88lM/nHv7BQG1w9KBXI1zPGuu5PnNCX14g==",
      "dev": true
    },
    "assert-op": {
      "version": "0.5.1",
      "resolved": "https://registry.npmjs.org/assert-op/-/assert-op-0.5.1.tgz",
      "integrity": "sha512-ZeJWsyP2DjEW1At4NBF587Td93I1RkNae859eZ5RVTm0KlRyrS4Ysa1zn+wTBflVYeR/sK6uR8TZESugXtZF3A==",
      "dev": true
    },
    "cotest": {
      "version": "4.0.3",
      "resolved": "https://registry.npmjs.org/cotest/-/cotest-4.0.3.tgz",
      "integrity": "sha512-pBtMKXPcdPaLOSt0zwL704ewSIo1gsW4jkboj4PosTq7cl3iUt5Cb8sbYLWJ+bcbAL0r8SyGslQ16nWQ5xkSiw==",
      "dev": true,
      "requires": {
        "assert-op": "^0.4.0"
      },
      "dependencies": {
        "assert-op": {
          "version": "0.4.0",
          "resolved": "https://registry.npmjs.org/assert-op/-/assert-op-0.4.0.tgz",
          "integrity": "sha512-yAnWwB07VWyXxlVSRIwM+CjWXmvRp03jH96zx8u29trLNNklrlyDhaWLpZ64/U1iCFF7SE4jsFBTwnLtok6Slw==",
          "dev": true
        }
      }
    }
  }
}
