{
  "name": "pico-parse",
  "version": "0.12.0",
  "lockfileVersion": 2,
  "requires": true,
  "packages": {
    "": {
      "version": "0.12.0",
      "license": "MIT",
      "devDependencies": {
        "assert-op": "^1.1.0"
      }
    },
    "node_modules/assert-op": {
      "version": "1.1.0",
      "resolved": "https://registry.npmjs.org/assert-op/-/assert-op-1.1.0.tgz",
      "integrity": "sha512-m0m+/8PhOyil5VODlE5wHwz8gf+gWptoLXwuNFrwvXnj4T+ertmDw6rZPWd2Dyh/6rdpI53v2yaCZCZh4zAKqQ==",
      "dev": true
    }
  },
  "dependencies": {
    "assert-op": {
      "version": "1.1.0",
      "resolved": "https://registry.npmjs.org/assert-op/-/assert-op-1.1.0.tgz",
      "integrity": "sha512-m0m+/8PhOyil5VODlE5wHwz8gf+gWptoLXwuNFrwvXnj4T+ertmDw6rZPWd2Dyh/6rdpI53v2yaCZCZh4zAKqQ==",
      "dev": true
    }
  }
}
